// !$*UTF8*$!
{
	archiveVersion = 1;
	classes = {
	};
	objectVersion = 50;
	objects = {

/* Begin PBXBuildFile section */
		FC68149124CFC26B00FB0A90 /* AppDelegate.swift in Sources */ = {isa = PBXBuildFile; fileRef = FC68149024CFC26B00FB0A90 /* AppDelegate.swift */; };
		FC68149324CFC26B00FB0A90 /* SceneDelegate.swift in Sources */ = {isa = PBXBuildFile; fileRef = FC68149224CFC26B00FB0A90 /* SceneDelegate.swift */; };
		FC68149824CFC26B00FB0A90 /* Main.storyboard in Resources */ = {isa = PBXBuildFile; fileRef = FC68149624CFC26B00FB0A90 /* Main.storyboard */; };
		FC68149B24CFC26B00FB0A90 /* ToDoList.xcdatamodeld in Sources */ = {isa = PBXBuildFile; fileRef = FC68149924CFC26B00FB0A90 /* ToDoList.xcdatamodeld */; };
		FC68149D24CFC26E00FB0A90 /* Assets.xcassets in Resources */ = {isa = PBXBuildFile; fileRef = FC68149C24CFC26E00FB0A90 /* Assets.xcassets */; };
		FC6814A024CFC26E00FB0A90 /* LaunchScreen.storyboard in Resources */ = {isa = PBXBuildFile; fileRef = FC68149E24CFC26E00FB0A90 /* LaunchScreen.storyboard */; };
		FC6814AA24CFC40400FB0A90 /* ToDo.swift in Sources */ = {isa = PBXBuildFile; fileRef = FC6814A924CFC40400FB0A90 /* ToDo.swift */; };
		FC6814AC24CFC57900FB0A90 /* ToDoTableViewController.swift in Sources */ = {isa = PBXBuildFile; fileRef = FC6814AB24CFC57900FB0A90 /* ToDoTableViewController.swift */; };
		FC6814B024CFC7E100FB0A90 /* AddToDoViewController.swift in Sources */ = {isa = PBXBuildFile; fileRef = FC6814AF24CFC7E100FB0A90 /* AddToDoViewController.swift */; };
		FC6814B224CFCC5200FB0A90 /* CompleteToDoViewController.swift in Sources */ = {isa = PBXBuildFile; fileRef = FC6814B124CFCC5200FB0A90 /* CompleteToDoViewController.swift */; };
/* End PBXBuildFile section */

/* Begin PBXFileReference section */
		FC68148D24CFC26B00FB0A90 /* To Do List.app */ = {isa = PBXFileReference; explicitFileType = wrapper.application; includeInIndex = 0; path = "To Do List.app"; sourceTree = BUILT_PRODUCTS_DIR; };
		FC68149024CFC26B00FB0A90 /* AppDelegate.swift */ = {isa = PBXFileReference; lastKnownFileType = sourcecode.swift; path = AppDelegate.swift; sourceTree = "<group>"; };
		FC68149224CFC26B00FB0A90 /* SceneDelegate.swift */ = {isa = PBXFileReference; lastKnownFileType = sourcecode.swift; path = SceneDelegate.swift; sourceTree = "<group>"; };
		FC68149724CFC26B00FB0A90 /* Base */ = {isa = PBXFileReference; lastKnownFileType = file.storyboard; name = Base; path = Base.lproj/Main.storyboard; sourceTree = "<group>"; };
		FC68149A24CFC26B00FB0A90 /* ToDoList.xcdatamodel */ = {isa = PBXFileReference; lastKnownFileType = wrapper.xcdatamodel; path = ToDoList.xcdatamodel; sourceTree = "<group>"; };
		FC68149C24CFC26E00FB0A90 /* Assets.xcassets */ = {isa = PBXFileReference; lastKnownFileType = folder.assetcatalog; path = Assets.xcassets; sourceTree = "<group>"; };
		FC68149F24CFC26E00FB0A90 /* Base */ = {isa = PBXFileReference; lastKnownFileType = file.storyboard; name = Base; path = Base.lproj/LaunchScreen.storyboard; sourceTree = "<group>"; };
		FC6814A124CFC26E00FB0A90 /* Info.plist */ = {isa = PBXFileReference; lastKnownFileType = text.plist.xml; path = Info.plist; sourceTree = "<group>"; };
		FC6814A924CFC40400FB0A90 /* ToDo.swift */ = {isa = PBXFileReference; lastKnownFileType = sourcecode.swift; path = ToDo.swift; sourceTree = "<group>"; };
		FC6814AB24CFC57900FB0A90 /* ToDoTableViewController.swift */ = {isa = PBXFileReference; lastKnownFileType = sourcecode.swift; path = ToDoTableViewController.swift; sourceTree = "<group>"; };
		FC6814AF24CFC7E100FB0A90 /* AddToDoViewController.swift */ = {isa = PBXFileReference; lastKnownFileType = sourcecode.swift; path = AddToDoViewController.swift; sourceTree = "<group>"; };
		FC6814B124CFCC5200FB0A90 /* CompleteToDoViewController.swift */ = {isa = PBXFileReference; lastKnownFileType = sourcecode.swift; path = CompleteToDoViewController.swift; sourceTree = "<group>"; };
/* End PBXFileReference section */

/* Begin PBXFrameworksBuildPhase section */
		FC68148A24CFC26B00FB0A90 /* Frameworks */ = {
			isa = PBXFrameworksBuildPhase;
			buildActionMask = 2147483647;
			files = (
			);
			runOnlyForDeploymentPostprocessing = 0;
		};
/* End PBXFrameworksBuildPhase section */

/* Begin PBXGroup section */
		FC68148424CFC26B00FB0A90 = {
			isa = PBXGroup;
			children = (
				FC68148F24CFC26B00FB0A90 /* ToDoList */,
				FC68148E24CFC26B00FB0A90 /* Products */,
			);
			sourceTree = "<group>";
		};
		FC68148E24CFC26B00FB0A90 /* Products */ = {
			isa = PBXGroup;
			children = (
				FC68148D24CFC26B00FB0A90 /* To Do List.app */,
			);
			name = Products;
			sourceTree = "<group>";
		};
		FC68148F24CFC26B00FB0A90 /* ToDoList */ = {
			isa = PBXGroup;
			children = (
				FC68149024CFC26B00FB0A90 /* AppDelegate.swift */,
				FC68149224CFC26B00FB0A90 /* SceneDelegate.swift */,
				FC6814AB24CFC57900FB0A90 /* ToDoTableViewController.swift */,
				FC68149624CFC26B00FB0A90 /* Main.storyboard */,
				FC6814AF24CFC7E100FB0A90 /* AddToDoViewController.swift */,
				FC6814B124CFCC5200FB0A90 /* CompleteToDoViewController.swift */,
				FC6814A924CFC40400FB0A90 /* ToDo.swift */,
				FC68149C24CFC26E00FB0A90 /* Assets.xcassets */,
				FC68149E24CFC26E00FB0A90 /* LaunchScreen.storyboard */,
				FC6814A124CFC26E00FB0A90 /* Info.plist */,
				FC68149924CFC26B00FB0A90 /* ToDoList.xcdatamodeld */,
			);
			path = ToDoList;
			sourceTree = "<group>";
		};
/* End PBXGroup section */

/* Begin PBXNativeTarget section */
		FC68148C24CFC26B00FB0A90 /* To Do List */ = {
			isa = PBXNativeTarget;
			buildConfigurationList = FC6814A424CFC26E00FB0A90 /* Build configuration list for PBXNativeTarget "To Do List" */;
			buildPhases = (
				FC68148924CFC26B00FB0A90 /* Sources */,
				FC68148A24CFC26B00FB0A90 /* Frameworks */,
				FC68148B24CFC26B00FB0A90 /* Resources */,
			);
			buildRules = (
			);
			dependencies = (
			);
			name = "To Do List";
			productName = ToDoList;
			productReference = FC68148D24CFC26B00FB0A90 /* To Do List.app */;
			productType = "com.apple.product-type.application";
		};
/* End PBXNativeTarget section */

/* Begin PBXProject section */
		FC68148524CFC26B00FB0A90 /* Project object */ = {
			isa = PBXProject;
			attributes = {
				LastSwiftUpdateCheck = 1150;
				LastUpgradeCheck = 1150;
				ORGANIZATIONNAME = "Linda Weng";
				TargetAttributes = {
					FC68148C24CFC26B00FB0A90 = {
						CreatedOnToolsVersion = 11.5;
					};
				};
			};
			buildConfigurationList = FC68148824CFC26B00FB0A90 /* Build configuration list for PBXProject "ToDoList" */;
			compatibilityVersion = "Xcode 9.3";
			developmentRegion = en;
			hasScannedForEncodings = 0;
			knownRegions = (
				en,
				Base,
			);
			mainGroup = FC68148424CFC26B00FB0A90;
			productRefGroup = FC68148E24CFC26B00FB0A90 /* Products */;
			projectDirPath = "";
			projectRoot = "";
			targets = (
				FC68148C24CFC26B00FB0A90 /* To Do List */,
			);
		};
/* End PBXProject section */

/* Begin PBXResourcesBuildPhase section */
		FC68148B24CFC26B00FB0A90 /* Resources */ = {
			isa = PBXResourcesBuildPhase;
			buildActionMask = 2147483647;
			files = (
				FC6814A024CFC26E00FB0A90 /* LaunchScreen.storyboard in Resources */,
				FC68149D24CFC26E00FB0A90 /* Assets.xcassets in Resources */,
				FC68149824CFC26B00FB0A90 /* Main.storyboard in Resources */,
			);
			runOnlyForDeploymentPostprocessing = 0;
		};
/* End PBXResourcesBuildPhase section */

/* Begin PBXSourcesBuildPhase section */
		FC68148924CFC26B00FB0A90 /* Sources */ = {
			isa = PBXSourcesBuildPhase;
			buildActionMask = 2147483647;
			files = (
				FC68149124CFC26B00FB0A90 /* AppDelegate.swift in Sources */,
				FC68149324CFC26B00FB0A90 /* SceneDelegate.swift in Sources */,
				FC6814AA24CFC40400FB0A90 /* ToDo.swift in Sources */,
				FC6814B224CFCC5200FB0A90 /* CompleteToDoViewController.swift in Sources */,
				FC68149B24CFC26B00FB0A90 /* ToDoList.xcdatamodeld in Sources */,
				FC6814B024CFC7E100FB0A90 /* AddToDoViewController.swift in Sources */,
				FC6814AC24CFC57900FB0A90 /* ToDoTableViewController.swift in Sources */,
			);
			runOnlyForDeploymentPostprocessing = 0;
		};
/* End PBXSourcesBuildPhase section */

/* Begin PBXVariantGroup section */
		FC68149624CFC26B00FB0A90 /* Main.storyboard */ = {
			isa = PBXVariantGroup;
			children = (
				FC68149724CFC26B00FB0A90 /* Base */,
			);
			name = Main.storyboard;
			sourceTree = "<group>";
		};
		FC68149E24CFC26E00FB0A90 /* LaunchScreen.storyboard */ = {
			isa = PBXVariantGroup;
			children = (
				FC68149F24CFC26E00FB0A90 /* Base */,
			);
			name = LaunchScreen.storyboard;
			sourceTree = "<group>";
		};
/* End PBXVariantGroup section */

/* Begin XCBuildConfiguration section */
		FC6814A224CFC26E00FB0A90 /* Debug */ = {
			isa = XCBuildConfiguration;
			buildSettings = {
				ALWAYS_SEARCH_USER_PATHS = NO;
				CLANG_ANALYZER_NONNULL = YES;
				CLANG_ANALYZER_NUMBER_OBJECT_CONVERSION = YES_AGGRESSIVE;
				CLANG_CXX_LANGUAGE_STANDARD = "gnu++14";
				CLANG_CXX_LIBRARY = "libc++";
				CLANG_ENABLE_MODULES = YES;
				CLANG_ENABLE_OBJC_ARC = YES;
				CLANG_ENABLE_OBJC_WEAK = YES;
				CLANG_WARN_BLOCK_CAPTURE_AUTORELEASING = YES;
				CLANG_WARN_BOOL_CONVERSION = YES;
				CLANG_WARN_COMMA = YES;
				CLANG_WARN_CONSTANT_CONVERSION = YES;
				CLANG_WARN_DEPRECATED_OBJC_IMPLEMENTATIONS = YES;
				CLANG_WARN_DIRECT_OBJC_ISA_USAGE = YES_ERROR;
				CLANG_WARN_DOCUMENTATION_COMMENTS = YES;
				CLANG_WARN_EMPTY_BODY = YES;
				CLANG_WARN_ENUM_CONVERSION = YES;
				CLANG_WARN_INFINITE_RECURSION = YES;
				CLANG_WARN_INT_CONVERSION = YES;
				CLANG_WARN_NON_LITERAL_NULL_CONVERSION = YES;
				CLANG_WARN_OBJC_IMPLICIT_RETAIN_SELF = YES;
				CLANG_WARN_OBJC_LITERAL_CONVERSION = YES;
				CLANG_WARN_OBJC_ROOT_CLASS = YES_ERROR;
				CLANG_WARN_RANGE_LOOP_ANALYSIS = YES;
				CLANG_WARN_STRICT_PROTOTYPES = YES;
				CLANG_WARN_SUSPICIOUS_MOVE = YES;
				CLANG_WARN_UNGUARDED_AVAILABILITY = YES_AGGRESSIVE;
				CLANG_WARN_UNREACHABLE_CODE = YES;
				CLANG_WARN__DUPLICATE_METHOD_MATCH = YES;
				COPY_PHASE_STRIP = NO;
				DEBUG_INFORMATION_FORMAT = dwarf;
				ENABLE_STRICT_OBJC_MSGSEND = YES;
				ENABLE_TESTABILITY = YES;
				GCC_C_LANGUAGE_STANDARD = gnu11;
				GCC_DYNAMIC_NO_PIC = NO;
				GCC_NO_COMMON_BLOCKS = YES;
				GCC_OPTIMIZATION_LEVEL = 0;
				GCC_PREPROCESSOR_DEFINITIONS = (
					"DEBUG=1",
					"$(inherited)",
				);
				GCC_WARN_64_TO_32_BIT_CONVERSION = YES;
				GCC_WARN_ABOUT_RETURN_TYPE = YES_ERROR;
				GCC_WARN_UNDECLARED_SELECTOR = YES;
				GCC_WARN_UNINITIALIZED_AUTOS = YES_AGGRESSIVE;
				GCC_WARN_UNUSED_FUNCTION = YES;
				GCC_WARN_UNUSED_VARIABLE = YES;
				IPHONEOS_DEPLOYMENT_TARGET = 13.5;
				MTL_ENABLE_DEBUG_INFO = INCLUDE_SOURCE;
				MTL_FAST_MATH = YES;
				ONLY_ACTIVE_ARCH = YES;
				SDKROOT = iphoneos;
				SWIFT_ACTIVE_COMPILATION_CONDITIONS = DEBUG;
				SWIFT_OPTIMIZATION_LEVEL = "-Onone";
			};
			name = Debug;
		};
		FC6814A324CFC26E00FB0A90 /* Release */ = {
			isa = XCBuildConfiguration;
			buildSettings = {
				ALWAYS_SEARCH_USER_PATHS = NO;
				CLANG_ANALYZER_NONNULL = YES;
				CLANG_ANALYZER_NUMBER_OBJECT_CONVERSION = YES_AGGRESSIVE;
				CLANG_CXX_LANGUAGE_STANDARD = "gnu++14";
				CLANG_CXX_LIBRARY = "libc++";
				CLANG_ENABLE_MODULES = YES;
				CLANG_ENABLE_OBJC_ARC = YES;
				CLANG_ENABLE_OBJC_WEAK = YES;
				CLANG_WARN_BLOCK_CAPTURE_AUTORELEASING = YES;
				CLANG_WARN_BOOL_CONVERSION = YES;
				CLANG_WARN_COMMA = YES;
				CLANG_WARN_CONSTANT_CONVERSION = YES;
				CLANG_WARN_DEPRECATED_OBJC_IMPLEMENTATIONS = YES;
				CLANG_WARN_DIRECT_OBJC_ISA_USAGE = YES_ERROR;
				CLANG_WARN_DOCUMENTATION_COMMENTS = YES;
				CLANG_WARN_EMPTY_BODY = YES;
				CLANG_WARN_ENUM_CONVERSION = YES;
				CLANG_WARN_INFINITE_RECURSION = YES;
				CLANG_WARN_INT_CONVERSION = YES;
				CLANG_WARN_NON_LITERAL_NULL_CONVERSION = YES;
				CLANG_WARN_OBJC_IMPLICIT_RETAIN_SELF = YES;
				CLANG_WARN_OBJC_LITERAL_CONVERSION = YES;
				CLANG_WARN_OBJC_ROOT_CLASS = YES_ERROR;
				CLANG_WARN_RANGE_LOOP_ANALYSIS = YES;
				CLANG_WARN_STRICT_PROTOTYPES = YES;
				CLANG_WARN_SUSPICIOUS_MOVE = YES;
				CLANG_WARN_UNGUARDED_AVAILABILITY = YES_AGGRESSIVE;
				CLANG_WARN_UNREACHABLE_CODE = YES;
				CLANG_WARN__DUPLICATE_METHOD_MATCH = YES;
				COPY_PHASE_STRIP = NO;
				DEBUG_INFORMATION_FORMAT = "dwarf-with-dsym";
				ENABLE_NS_ASSERTIONS = NO;
				ENABLE_STRICT_OBJC_MSGSEND = YES;
				GCC_C_LANGUAGE_STANDARD = gnu11;
				GCC_NO_COMMON_BLOCKS = YES;
				GCC_WARN_64_TO_32_BIT_CONVERSION = YES;
				GCC_WARN_ABOUT_RETURN_TYPE = YES_ERROR;
				GCC_WARN_UNDECLARED_SELECTOR = YES;
				GCC_WARN_UNINITIALIZED_AUTOS = YES_AGGRESSIVE;
				GCC_WARN_UNUSED_FUNCTION = YES;
				GCC_WARN_UNUSED_VARIABLE = YES;
				IPHONEOS_DEPLOYMENT_TARGET = 13.5;
				MTL_ENABLE_DEBUG_INFO = NO;
				MTL_FAST_MATH = YES;
				SDKROOT = iphoneos;
				SWIFT_COMPILATION_MODE = wholemodule;
				SWIFT_OPTIMIZATION_LEVEL = "-O";
				VALIDATE_PRODUCT = YES;
			};
			name = Release;
		};
		FC6814A524CFC26E00FB0A90 /* Debug */ = {
			isa = XCBuildConfiguration;
			buildSettings = {
				ASSETCATALOG_COMPILER_APPICON_NAME = AppIcon;
				CODE_SIGN_STYLE = Automatic;
				DEVELOPMENT_TEAM = S5NZ899562;
				INFOPLIST_FILE = ToDoList/Info.plist;
				LD_RUNPATH_SEARCH_PATHS = (
					"$(inherited)",
					"@executable_path/Frameworks",
				);
				PRODUCT_BUNDLE_IDENTIFIER = test.ToDoListLinda;
				PRODUCT_NAME = "$(TARGET_NAME)";
				SWIFT_VERSION = 5.0;
				TARGETED_DEVICE_FAMILY = "1,2";
			};
			name = Debug;
		};
		FC6814A624CFC26E00FB0A90 /* Release */ = {
			isa = XCBuildConfiguration;
			buildSettings = {
				ASSETCATALOG_COMPILER_APPICON_NAME = AppIcon;
				CODE_SIGN_STYLE = Automatic;
				DEVELOPMENT_TEAM = S5NZ899562;
				INFOPLIST_FILE = ToDoList/Info.plist;
				LD_RUNPATH_SEARCH_PATHS = (
					"$(inherited)",
					"@executable_path/Frameworks",
				);
				PRODUCT_BUNDLE_IDENTIFIER = test.ToDoListLinda;
				PRODUCT_NAME = "$(TARGET_NAME)";
				SWIFT_VERSION = 5.0;
				TARGETED_DEVICE_FAMILY = "1,2";
			};
			name = Release;
		};
/* End XCBuildConfiguration section */

/* Begin XCConfigurationList section */
		FC68148824CFC26B00FB0A90 /* Build configuration list for PBXProject "ToDoList" */ = {
			isa = XCConfigurationList;
			buildConfigurations = (
				FC6814A224CFC26E00FB0A90 /* Debug */,
				FC6814A324CFC26E00FB0A90 /* Release */,
			);
			defaultConfigurationIsVisible = 0;
			defaultConfigurationName = Release;
		};
		FC6814A424CFC26E00FB0A90 /* Build configuration list for PBXNativeTarget "To Do List" */ = {
			isa = XCConfigurationList;
			buildConfigurations = (
				FC6814A524CFC26E00FB0A90 /* Debug */,
				FC6814A624CFC26E00FB0A90 /* Release */,
			);
			defaultConfigurationIsVisible = 0;
			defaultConfigurationName = Release;
		};
/* End XCConfigurationList section */

/* Begin XCVersionGroup section */
		FC68149924CFC26B00FB0A90 /* ToDoList.xcdatamodeld */ = {
			isa = XCVersionGroup;
			children = (
				FC68149A24CFC26B00FB0A90 /* ToDoList.xcdatamodel */,
			);
			currentVersion = FC68149A24CFC26B00FB0A90 /* ToDoList.xcdatamodel */;
			path = ToDoList.xcdatamodeld;
			sourceTree = "<group>";
			versionGroupType = wrapper.xcdatamodel;
		};
/* End XCVersionGroup section */
	};
	rootObject = FC68148524CFC26B00FB0A90 /* Project object */;
}
